
Microsoft Visual Studio Solution File, Format Version 12.00
# Visual Studio Version 16
VisualStudioVersion = 16.0.31321.278
MinimumVisualStudioVersion = 10.0.40219.1
Project("{9A19103F-16F7-4668-BE54-9A1E7A4F7556}") = "Notes", "Notes.csproj", "{C8E2FF0E-073B-42C9-A1AA-78BBFBC7F295}"
EndProject
Global
	GlobalSection(SolutionConfigurationPlatforms) = preSolution
		Debug|Any CPU = Debug|Any CPU
		Release|Any CPU = Release|Any CPU
	EndGlobalSection
	GlobalSection(ProjectConfigurationPlatforms) = postSolution
		{C8E2FF0E-073B-42C9-A1AA-78BBFBC7F295}.Debug|Any CPU.ActiveCfg = Debug|Any CPU
		{C8E2FF0E-073B-42C9-A1AA-78BBFBC7F295}.Debug|Any CPU.Build.0 = Debug|Any CPU
		{C8E2FF0E-073B-42C9-A1AA-78BBFBC7F295}.Release|Any CPU.ActiveCfg = Release|Any CPU
		{C8E2FF0E-073B-42C9-A1AA-78BBFBC7F295}.Release|Any CPU.Build.0 = Release|Any CPU
	EndGlobalSection
	GlobalSection(SolutionProperties) = preSolution
		HideSolutionNode = FALSE
	EndGlobalSection
	GlobalSection(ExtensibilityGlobals) = postSolution
		SolutionGuid = {0109F5BC-3A7C-4B7D-9B4B-E2693A22258A}
	EndGlobalSection
EndGlobal
